// !$*UTF8*$!
{
	archiveVersion = 1;
	classes = {
	};
	objectVersion = 50;
	objects = {

/* Begin PBXBuildFile section */
		0ADE3D2520E1FB2F00C61847 /* AppDelegate.swift in Sources */ = {isa = PBXBuildFile; fileRef = 0ADE3D2420E1FB2F00C61847 /* AppDelegate.swift */; };
		0ADE3D2720E1FB2F00C61847 /* ViewController.swift in Sources */ = {isa = PBXBuildFile; fileRef = 0ADE3D2620E1FB2F00C61847 /* ViewController.swift */; };
		0ADE3D2A20E1FB2F00C61847 /* Main.storyboard in Resources */ = {isa = PBXBuildFile; fileRef = 0ADE3D2820E1FB2F00C61847 /* Main.storyboard */; };
		0ADE3D2C20E1FB2F00C61847 /* Assets.xcassets in Resources */ = {isa = PBXBuildFile; fileRef = 0ADE3D2B20E1FB2F00C61847 /* Assets.xcassets */; };
		0ADE3D2F20E1FB2F00C61847 /* LaunchScreen.storyboard in Resources */ = {isa = PBXBuildFile; fileRef = 0ADE3D2D20E1FB2F00C61847 /* LaunchScreen.storyboard */; };
		0ADE3D3A20E1FB3000C61847 /* CKWebSocketHello_iOSTests.swift in Sources */ = {isa = PBXBuildFile; fileRef = 0ADE3D3920E1FB3000C61847 /* CKWebSocketHello_iOSTests.swift */; };
		6A78B45ED7EAB3AB334A8C48 /* Pods_CKWebSocketHello_iOSTests.framework in Frameworks */ = {isa = PBXBuildFile; fileRef = 6B9BB38658B25696CF99A411 /* Pods_CKWebSocketHello_iOSTests.framework */; };
		DDE282375748457AD02D6505 /* Pods_CKWebSocketHello_iOS.framework in Frameworks */ = {isa = PBXBuildFile; fileRef = 7F5C9BE277C3BACD9351F7F7 /* Pods_CKWebSocketHello_iOS.framework */; };
/* End PBXBuildFile section */

/* Begin PBXContainerItemProxy section */
		0ADE3D3620E1FB3000C61847 /* PBXContainerItemProxy */ = {
			isa = PBXContainerItemProxy;
			containerPortal = 0ADE3D1920E1FB2F00C61847 /* Project object */;
			proxyType = 1;
			remoteGlobalIDString = 0ADE3D2020E1FB2F00C61847;
			remoteInfo = "CKWebSocketHello-iOS";
		};
/* End PBXContainerItemProxy section */

/* Begin PBXFileReference section */
		0ADE3D2120E1FB2F00C61847 /* CKWebSocketHello-iOS.app */ = {isa = PBXFileReference; explicitFileType = wrapper.application; includeInIndex = 0; path = "CKWebSocketHello-iOS.app"; sourceTree = BUILT_PRODUCTS_DIR; };
		0ADE3D2420E1FB2F00C61847 /* AppDelegate.swift */ = {isa = PBXFileReference; lastKnownFileType = sourcecode.swift; path = AppDelegate.swift; sourceTree = "<group>"; };
		0ADE3D2620E1FB2F00C61847 /* ViewController.swift */ = {isa = PBXFileReference; lastKnownFileType = sourcecode.swift; path = ViewController.swift; sourceTree = "<group>"; };
		0ADE3D2920E1FB2F00C61847 /* Base */ = {isa = PBXFileReference; lastKnownFileType = file.storyboard; name = Base; path = Base.lproj/Main.storyboard; sourceTree = "<group>"; };
		0ADE3D2B20E1FB2F00C61847 /* Assets.xcassets */ = {isa = PBXFileReference; lastKnownFileType = folder.assetcatalog; path = Assets.xcassets; sourceTree = "<group>"; };
		0ADE3D2E20E1FB2F00C61847 /* Base */ = {isa = PBXFileReference; lastKnownFileType = file.storyboard; name = Base; path = Base.lproj/LaunchScreen.storyboard; sourceTree = "<group>"; };
		0ADE3D3020E1FB2F00C61847 /* Info.plist */ = {isa = PBXFileReference; lastKnownFileType = text.plist.xml; path = Info.plist; sourceTree = "<group>"; };
		0ADE3D3520E1FB3000C61847 /* CKWebSocketHello-iOSTests.xctest */ = {isa = PBXFileReference; explicitFileType = wrapper.cfbundle; includeInIndex = 0; path = "CKWebSocketHello-iOSTests.xctest"; sourceTree = BUILT_PRODUCTS_DIR; };
		0ADE3D3920E1FB3000C61847 /* CKWebSocketHello_iOSTests.swift */ = {isa = PBXFileReference; lastKnownFileType = sourcecode.swift; path = CKWebSocketHello_iOSTests.swift; sourceTree = "<group>"; };
		0ADE3D3B20E1FB3000C61847 /* Info.plist */ = {isa = PBXFileReference; lastKnownFileType = text.plist.xml; path = Info.plist; sourceTree = "<group>"; };
		3ED3323853FCE9FFA0E736A5 /* Pods-CKWebSocketHello-iOS.debug.xcconfig */ = {isa = PBXFileReference; includeInIndex = 1; lastKnownFileType = text.xcconfig; name = "Pods-CKWebSocketHello-iOS.debug.xcconfig"; path = "Pods/Target Support Files/Pods-CKWebSocketHello-iOS/Pods-CKWebSocketHello-iOS.debug.xcconfig"; sourceTree = "<group>"; };
		6B9BB38658B25696CF99A411 /* Pods_CKWebSocketHello_iOSTests.framework */ = {isa = PBXFileReference; explicitFileType = wrapper.framework; includeInIndex = 0; path = Pods_CKWebSocketHello_iOSTests.framework; sourceTree = BUILT_PRODUCTS_DIR; };
		7F5C9BE277C3BACD9351F7F7 /* Pods_CKWebSocketHello_iOS.framework */ = {isa = PBXFileReference; explicitFileType = wrapper.framework; includeInIndex = 0; path = Pods_CKWebSocketHello_iOS.framework; sourceTree = BUILT_PRODUCTS_DIR; };
		BE37F821CD1C67B7AF1835D3 /* Pods-CKWebSocketHello-iOS.release.xcconfig */ = {isa = PBXFileReference; includeInIndex = 1; lastKnownFileType = text.xcconfig; name = "Pods-CKWebSocketHello-iOS.release.xcconfig"; path = "Pods/Target Support Files/Pods-CKWebSocketHello-iOS/Pods-CKWebSocketHello-iOS.release.xcconfig"; sourceTree = "<group>"; };
		C60AFAE4DCD680FF0A44A784 /* Pods-CKWebSocketHello-iOSTests.debug.xcconfig */ = {isa = PBXFileReference; includeInIndex = 1; lastKnownFileType = text.xcconfig; name = "Pods-CKWebSocketHello-iOSTests.debug.xcconfig"; path = "Pods/Target Support Files/Pods-CKWebSocketHello-iOSTests/Pods-CKWebSocketHello-iOSTests.debug.xcconfig"; sourceTree = "<group>"; };
		FE14BB310964718E4EC40C11 /* Pods-CKWebSocketHello-iOSTests.release.xcconfig */ = {isa = PBXFileReference; includeInIndex = 1; lastKnownFileType = text.xcconfig; name = "Pods-CKWebSocketHello-iOSTests.release.xcconfig"; path = "Pods/Target Support Files/Pods-CKWebSocketHello-iOSTests/Pods-CKWebSocketHello-iOSTests.release.xcconfig"; sourceTree = "<group>"; };
/* End PBXFileReference section */

/* Begin PBXFrameworksBuildPhase section */
		0ADE3D1E20E1FB2F00C61847 /* Frameworks */ = {
			isa = PBXFrameworksBuildPhase;
			buildActionMask = 2147483647;
			files = (
				DDE282375748457AD02D6505 /* Pods_CKWebSocketHello_iOS.framework in Frameworks */,
			);
			runOnlyForDeploymentPostprocessing = 0;
		};
		0ADE3D3220E1FB3000C61847 /* Frameworks */ = {
			isa = PBXFrameworksBuildPhase;
			buildActionMask = 2147483647;
			files = (
				6A78B45ED7EAB3AB334A8C48 /* Pods_CKWebSocketHello_iOSTests.framework in Frameworks */,
			);
			runOnlyForDeploymentPostprocessing = 0;
		};
/* End PBXFrameworksBuildPhase section */

/* Begin PBXGroup section */
		0ADE3D1820E1FB2F00C61847 = {
			isa = PBXGroup;
			children = (
				0ADE3D2320E1FB2F00C61847 /* CKWebSocketHello-iOS */,
				0ADE3D3820E1FB3000C61847 /* CKWebSocketHello-iOSTests */,
				0ADE3D2220E1FB2F00C61847 /* Products */,
				D9B68F733D86A5B02D869971 /* Pods */,
				F4F6919764661836C333BF64 /* Frameworks */,
			);
			sourceTree = "<group>";
		};
		0ADE3D2220E1FB2F00C61847 /* Products */ = {
			isa = PBXGroup;
			children = (
				0ADE3D2120E1FB2F00C61847 /* CKWebSocketHello-iOS.app */,
				0ADE3D3520E1FB3000C61847 /* CKWebSocketHello-iOSTests.xctest */,
			);
			name = Products;
			sourceTree = "<group>";
		};
		0ADE3D2320E1FB2F00C61847 /* CKWebSocketHello-iOS */ = {
			isa = PBXGroup;
			children = (
				0ADE3D2420E1FB2F00C61847 /* AppDelegate.swift */,
				0ADE3D2620E1FB2F00C61847 /* ViewController.swift */,
				0ADE3D2820E1FB2F00C61847 /* Main.storyboard */,
				0ADE3D2B20E1FB2F00C61847 /* Assets.xcassets */,
				0ADE3D2D20E1FB2F00C61847 /* LaunchScreen.storyboard */,
				0ADE3D3020E1FB2F00C61847 /* Info.plist */,
			);
			path = "CKWebSocketHello-iOS";
			sourceTree = "<group>";
		};
		0ADE3D3820E1FB3000C61847 /* CKWebSocketHello-iOSTests */ = {
			isa = PBXGroup;
			children = (
				0ADE3D3920E1FB3000C61847 /* CKWebSocketHello_iOSTests.swift */,
				0ADE3D3B20E1FB3000C61847 /* Info.plist */,
			);
			path = "CKWebSocketHello-iOSTests";
			sourceTree = "<group>";
		};
		D9B68F733D86A5B02D869971 /* Pods */ = {
			isa = PBXGroup;
			children = (
				3ED3323853FCE9FFA0E736A5 /* Pods-CKWebSocketHello-iOS.debug.xcconfig */,
				BE37F821CD1C67B7AF1835D3 /* Pods-CKWebSocketHello-iOS.release.xcconfig */,
				C60AFAE4DCD680FF0A44A784 /* Pods-CKWebSocketHello-iOSTests.debug.xcconfig */,
				FE14BB310964718E4EC40C11 /* Pods-CKWebSocketHello-iOSTests.release.xcconfig */,
			);
			name = Pods;
			sourceTree = "<group>";
		};
		F4F6919764661836C333BF64 /* Frameworks */ = {
			isa = PBXGroup;
			children = (
				7F5C9BE277C3BACD9351F7F7 /* Pods_CKWebSocketHello_iOS.framework */,
				6B9BB38658B25696CF99A411 /* Pods_CKWebSocketHello_iOSTests.framework */,
			);
			name = Frameworks;
			sourceTree = "<group>";
		};
/* End PBXGroup section */

/* Begin PBXNativeTarget section */
		0ADE3D2020E1FB2F00C61847 /* CKWebSocketHello-iOS */ = {
			isa = PBXNativeTarget;
			buildConfigurationList = 0ADE3D3E20E1FB3000C61847 /* Build configuration list for PBXNativeTarget "CKWebSocketHello-iOS" */;
			buildPhases = (
				BB6B7B55193469468E5D7EA8 /* [CP] Check Pods Manifest.lock */,
				0ADE3D1D20E1FB2F00C61847 /* Sources */,
				0ADE3D1E20E1FB2F00C61847 /* Frameworks */,
				0ADE3D1F20E1FB2F00C61847 /* Resources */,
				AC802B91F8DF8B7069663463 /* [CP] Embed Pods Frameworks */,
			);
			buildRules = (
			);
			dependencies = (
			);
			name = "CKWebSocketHello-iOS";
			productName = "CKWebSocketHello-iOS";
			productReference = 0ADE3D2120E1FB2F00C61847 /* CKWebSocketHello-iOS.app */;
			productType = "com.apple.product-type.application";
		};
		0ADE3D3420E1FB3000C61847 /* CKWebSocketHello-iOSTests */ = {
			isa = PBXNativeTarget;
			buildConfigurationList = 0ADE3D4120E1FB3000C61847 /* Build configuration list for PBXNativeTarget "CKWebSocketHello-iOSTests" */;
			buildPhases = (
				60365820DAB9A8EC811A5A19 /* [CP] Check Pods Manifest.lock */,
				0ADE3D3120E1FB3000C61847 /* Sources */,
				0ADE3D3220E1FB3000C61847 /* Frameworks */,
				0ADE3D3320E1FB3000C61847 /* Resources */,
			);
			buildRules = (
			);
			dependencies = (
				0ADE3D3720E1FB3000C61847 /* PBXTargetDependency */,
			);
			name = "CKWebSocketHello-iOSTests";
			productName = "CKWebSocketHello-iOSTests";
			productReference = 0ADE3D3520E1FB3000C61847 /* CKWebSocketHello-iOSTests.xctest */;
			productType = "com.apple.product-type.bundle.unit-test";
		};
/* End PBXNativeTarget section */

/* Begin PBXProject section */
		0ADE3D1920E1FB2F00C61847 /* Project object */ = {
			isa = PBXProject;
			attributes = {
				LastSwiftUpdateCheck = 0940;
				LastUpgradeCheck = 0940;
				ORGANIZATIONNAME = "Kai Chen";
				TargetAttributes = {
					0ADE3D2020E1FB2F00C61847 = {
						CreatedOnToolsVersion = 9.4.1;
					};
					0ADE3D3420E1FB3000C61847 = {
						CreatedOnToolsVersion = 9.4.1;
						TestTargetID = 0ADE3D2020E1FB2F00C61847;
					};
				};
			};
			buildConfigurationList = 0ADE3D1C20E1FB2F00C61847 /* Build configuration list for PBXProject "CKWebSocketHello-iOS" */;
			compatibilityVersion = "Xcode 9.3";
			developmentRegion = en;
			hasScannedForEncodings = 0;
			knownRegions = (
				en,
				Base,
			);
			mainGroup = 0ADE3D1820E1FB2F00C61847;
			productRefGroup = 0ADE3D2220E1FB2F00C61847 /* Products */;
			projectDirPath = "";
			projectRoot = "";
			targets = (
				0ADE3D2020E1FB2F00C61847 /* CKWebSocketHello-iOS */,
				0ADE3D3420E1FB3000C61847 /* CKWebSocketHello-iOSTests */,
			);
		};
/* End PBXProject section */

/* Begin PBXResourcesBuildPhase section */
		0ADE3D1F20E1FB2F00C61847 /* Resources */ = {
			isa = PBXResourcesBuildPhase;
			buildActionMask = 2147483647;
			files = (
				0ADE3D2F20E1FB2F00C61847 /* LaunchScreen.storyboard in Resources */,
				0ADE3D2C20E1FB2F00C61847 /* Assets.xcassets in Resources */,
				0ADE3D2A20E1FB2F00C61847 /* Main.storyboard in Resources */,
			);
			runOnlyForDeploymentPostprocessing = 0;
		};
		0ADE3D3320E1FB3000C61847 /* Resources */ = {
			isa = PBXResourcesBuildPhase;
			buildActionMask = 2147483647;
			files = (
			);
			runOnlyForDeploymentPostprocessing = 0;
		};
/* End PBXResourcesBuildPhase section */

/* Begin PBXShellScriptBuildPhase section */
		60365820DAB9A8EC811A5A19 /* [CP] Check Pods Manifest.lock */ = {
			isa = PBXShellScriptBuildPhase;
			buildActionMask = 2147483647;
			files = (
			);
			inputPaths = (
				"${PODS_PODFILE_DIR_PATH}/Podfile.lock",
				"${PODS_ROOT}/Manifest.lock",
			);
			name = "[CP] Check Pods Manifest.lock";
			outputPaths = (
				"$(DERIVED_FILE_DIR)/Pods-CKWebSocketHello-iOSTests-checkManifestLockResult.txt",
			);
			runOnlyForDeploymentPostprocessing = 0;
			shellPath = /bin/sh;
			shellScript = "diff \"${PODS_PODFILE_DIR_PATH}/Podfile.lock\" \"${PODS_ROOT}/Manifest.lock\" > /dev/null\nif [ $? != 0 ] ; then\n    # print error to STDERR\n    echo \"error: The sandbox is not in sync with the Podfile.lock. Run 'pod install' or update your CocoaPods installation.\" >&2\n    exit 1\nfi\n# This output is used by Xcode 'outputs' to avoid re-running this script phase.\necho \"SUCCESS\" > \"${SCRIPT_OUTPUT_FILE_0}\"\n";
			showEnvVarsInLog = 0;
		};
		AC802B91F8DF8B7069663463 /* [CP] Embed Pods Frameworks */ = {
			isa = PBXShellScriptBuildPhase;
			buildActionMask = 2147483647;
			files = (
			);
			inputPaths = (
				"${SRCROOT}/Pods/Target Support Files/Pods-CKWebSocketHello-iOS/Pods-CKWebSocketHello-iOS-frameworks.sh",
				"${BUILT_PRODUCTS_DIR}/SocketRocket/SocketRocket.framework",
				"${BUILT_PRODUCTS_DIR}/StompClientLib/StompClientLib.framework",
			);
			name = "[CP] Embed Pods Frameworks";
			outputPaths = (
				"${TARGET_BUILD_DIR}/${FRAMEWORKS_FOLDER_PATH}/SocketRocket.framework",
				"${TARGET_BUILD_DIR}/${FRAMEWORKS_FOLDER_PATH}/StompClientLib.framework",
			);
			runOnlyForDeploymentPostprocessing = 0;
			shellPath = /bin/sh;
			shellScript = "\"${SRCROOT}/Pods/Target Support Files/Pods-CKWebSocketHello-iOS/Pods-CKWebSocketHello-iOS-frameworks.sh\"\n";
			showEnvVarsInLog = 0;
		};
		BB6B7B55193469468E5D7EA8 /* [CP] Check Pods Manifest.lock */ = {
			isa = PBXShellScriptBuildPhase;
			buildActionMask = 2147483647;
			files = (
			);
			inputPaths = (
				"${PODS_PODFILE_DIR_PATH}/Podfile.lock",
				"${PODS_ROOT}/Manifest.lock",
			);
			name = "[CP] Check Pods Manifest.lock";
			outputPaths = (
				"$(DERIVED_FILE_DIR)/Pods-CKWebSocketHello-iOS-checkManifestLockResult.txt",
			);
			runOnlyForDeploymentPostprocessing = 0;
			shellPath = /bin/sh;
			shellScript = "diff \"${PODS_PODFILE_DIR_PATH}/Podfile.lock\" \"${PODS_ROOT}/Manifest.lock\" > /dev/null\nif [ $? != 0 ] ; then\n    # print error to STDERR\n    echo \"error: The sandbox is not in sync with the Podfile.lock. Run 'pod install' or update your CocoaPods installation.\" >&2\n    exit 1\nfi\n# This output is used by Xcode 'outputs' to avoid re-running this script phase.\necho \"SUCCESS\" > \"${SCRIPT_OUTPUT_FILE_0}\"\n";
			showEnvVarsInLog = 0;
		};
/* End PBXShellScriptBuildPhase section */

/* Begin PBXSourcesBuildPhase section */
		0ADE3D1D20E1FB2F00C61847 /* Sources */ = {
			isa = PBXSourcesBuildPhase;
			buildActionMask = 2147483647;
			files = (
				0ADE3D2720E1FB2F00C61847 /* ViewController.swift in Sources */,
				0ADE3D2520E1FB2F00C61847 /* AppDelegate.swift in Sources */,
			);
			runOnlyForDeploymentPostprocessing = 0;
		};
		0ADE3D3120E1FB3000C61847 /* Sources */ = {
			isa = PBXSourcesBuildPhase;
			buildActionMask = 2147483647;
			files = (
				0ADE3D3A20E1FB3000C61847 /* CKWebSocketHello_iOSTests.swift in Sources */,
			);
			runOnlyForDeploymentPostprocessing = 0;
		};
/* End PBXSourcesBuildPhase section */

/* Begin PBXTargetDependency section */
		0ADE3D3720E1FB3000C61847 /* PBXTargetDependency */ = {
			isa = PBXTargetDependency;
			target = 0ADE3D2020E1FB2F00C61847 /* CKWebSocketHello-iOS */;
			targetProxy = 0ADE3D3620E1FB3000C61847 /* PBXContainerItemProxy */;
		};
/* End PBXTargetDependency section */

/* Begin PBXVariantGroup section */
		0ADE3D2820E1FB2F00C61847 /* Main.storyboard */ = {
			isa = PBXVariantGroup;
			children = (
				0ADE3D2920E1FB2F00C61847 /* Base */,
			);
			name = Main.storyboard;
			sourceTree = "<group>";
		};
		0ADE3D2D20E1FB2F00C61847 /* LaunchScreen.storyboard */ = {
			isa = PBXVariantGroup;
			children = (
				0ADE3D2E20E1FB2F00C61847 /* Base */,
			);
			name = LaunchScreen.storyboard;
			sourceTree = "<group>";
		};
/* End PBXVariantGroup section */

/* Begin XCBuildConfiguration section */
		0ADE3D3C20E1FB3000C61847 /* Debug */ = {
			isa = XCBuildConfiguration;
			buildSettings = {
				ALWAYS_SEARCH_USER_PATHS = NO;
				CLANG_ANALYZER_NONNULL = YES;
				CLANG_ANALYZER_NUMBER_OBJECT_CONVERSION = YES_AGGRESSIVE;
				CLANG_CXX_LANGUAGE_STANDARD = "gnu++14";
				CLANG_CXX_LIBRARY = "libc++";
				CLANG_ENABLE_MODULES = YES;
				CLANG_ENABLE_OBJC_ARC = YES;
				CLANG_ENABLE_OBJC_WEAK = YES;
				CLANG_WARN_BLOCK_CAPTURE_AUTORELEASING = YES;
				CLANG_WARN_BOOL_CONVERSION = YES;
				CLANG_WARN_COMMA = YES;
				CLANG_WARN_CONSTANT_CONVERSION = YES;
				CLANG_WARN_DEPRECATED_OBJC_IMPLEMENTATIONS = YES;
				CLANG_WARN_DIRECT_OBJC_ISA_USAGE = YES_ERROR;
				CLANG_WARN_DOCUMENTATION_COMMENTS = YES;
				CLANG_WARN_EMPTY_BODY = YES;
				CLANG_WARN_ENUM_CONVERSION = YES;
				CLANG_WARN_INFINITE_RECURSION = YES;
				CLANG_WARN_INT_CONVERSION = YES;
				CLANG_WARN_NON_LITERAL_NULL_CONVERSION = YES;
				CLANG_WARN_OBJC_IMPLICIT_RETAIN_SELF = YES;
				CLANG_WARN_OBJC_LITERAL_CONVERSION = YES;
				CLANG_WARN_OBJC_ROOT_CLASS = YES_ERROR;
				CLANG_WARN_RANGE_LOOP_ANALYSIS = YES;
				CLANG_WARN_STRICT_PROTOTYPES = YES;
				CLANG_WARN_SUSPICIOUS_MOVE = YES;
				CLANG_WARN_UNGUARDED_AVAILABILITY = YES_AGGRESSIVE;
				CLANG_WARN_UNREACHABLE_CODE = YES;
				CLANG_WARN__DUPLICATE_METHOD_MATCH = YES;
				CODE_SIGN_IDENTITY = "iPhone Developer";
				COPY_PHASE_STRIP = NO;
				DEBUG_INFORMATION_FORMAT = dwarf;
				ENABLE_STRICT_OBJC_MSGSEND = YES;
				ENABLE_TESTABILITY = YES;
				GCC_C_LANGUAGE_STANDARD = gnu11;
				GCC_DYNAMIC_NO_PIC = NO;
				GCC_NO_COMMON_BLOCKS = YES;
				GCC_OPTIMIZATION_LEVEL = 0;
				GCC_PREPROCESSOR_DEFINITIONS = (
					"DEBUG=1",
					"$(inherited)",
				);
				GCC_WARN_64_TO_32_BIT_CONVERSION = YES;
				GCC_WARN_ABOUT_RETURN_TYPE = YES_ERROR;
				GCC_WARN_UNDECLARED_SELECTOR = YES;
				GCC_WARN_UNINITIALIZED_AUTOS = YES_AGGRESSIVE;
				GCC_WARN_UNUSED_FUNCTION = YES;
				GCC_WARN_UNUSED_VARIABLE = YES;
				IPHONEOS_DEPLOYMENT_TARGET = 11.4;
				MTL_ENABLE_DEBUG_INFO = YES;
				ONLY_ACTIVE_ARCH = YES;
				SDKROOT = iphoneos;
				SWIFT_ACTIVE_COMPILATION_CONDITIONS = DEBUG;
				SWIFT_OPTIMIZATION_LEVEL = "-Onone";
			};
			name = Debug;
		};
		0ADE3D3D20E1FB3000C61847 /* Release */ = {
			isa = XCBuildConfiguration;
			buildSettings = {
				ALWAYS_SEARCH_USER_PATHS = NO;
				CLANG_ANALYZER_NONNULL = YES;
				CLANG_ANALYZER_NUMBER_OBJECT_CONVERSION = YES_AGGRESSIVE;
				CLANG_CXX_LANGUAGE_STANDARD = "gnu++14";
				CLANG_CXX_LIBRARY = "libc++";
				CLANG_ENABLE_MODULES = YES;
				CLANG_ENABLE_OBJC_ARC = YES;
				CLANG_ENABLE_OBJC_WEAK = YES;
				CLANG_WARN_BLOCK_CAPTURE_AUTORELEASING = YES;
				CLANG_WARN_BOOL_CONVERSION = YES;
				CLANG_WARN_COMMA = YES;
				CLANG_WARN_CONSTANT_CONVERSION = YES;
				CLANG_WARN_DEPRECATED_OBJC_IMPLEMENTATIONS = YES;
				CLANG_WARN_DIRECT_OBJC_ISA_USAGE = YES_ERROR;
				CLANG_WARN_DOCUMENTATION_COMMENTS = YES;
				CLANG_WARN_EMPTY_BODY = YES;
				CLANG_WARN_ENUM_CONVERSION = YES;
				CLANG_WARN_INFINITE_RECURSION = YES;
				CLANG_WARN_INT_CONVERSION = YES;
				CLANG_WARN_NON_LITERAL_NULL_CONVERSION = YES;
				CLANG_WARN_OBJC_IMPLICIT_RETAIN_SELF = YES;
				CLANG_WARN_OBJC_LITERAL_CONVERSION = YES;
				CLANG_WARN_OBJC_ROOT_CLASS = YES_ERROR;
				CLANG_WARN_RANGE_LOOP_ANALYSIS = YES;
				CLANG_WARN_STRICT_PROTOTYPES = YES;
				CLANG_WARN_SUSPICIOUS_MOVE = YES;
				CLANG_WARN_UNGUARDED_AVAILABILITY = YES_AGGRESSIVE;
				CLANG_WARN_UNREACHABLE_CODE = YES;
				CLANG_WARN__DUPLICATE_METHOD_MATCH = YES;
				CODE_SIGN_IDENTITY = "iPhone Developer";
				COPY_PHASE_STRIP = NO;
				DEBUG_INFORMATION_FORMAT = "dwarf-with-dsym";
				ENABLE_NS_ASSERTIONS = NO;
				ENABLE_STRICT_OBJC_MSGSEND = YES;
				GCC_C_LANGUAGE_STANDARD = gnu11;
				GCC_NO_COMMON_BLOCKS = YES;
				GCC_WARN_64_TO_32_BIT_CONVERSION = YES;
				GCC_WARN_ABOUT_RETURN_TYPE = YES_ERROR;
				GCC_WARN_UNDECLARED_SELECTOR = YES;
				GCC_WARN_UNINITIALIZED_AUTOS = YES_AGGRESSIVE;
				GCC_WARN_UNUSED_FUNCTION = YES;
				GCC_WARN_UNUSED_VARIABLE = YES;
				IPHONEOS_DEPLOYMENT_TARGET = 11.4;
				MTL_ENABLE_DEBUG_INFO = NO;
				SDKROOT = iphoneos;
				SWIFT_COMPILATION_MODE = wholemodule;
				SWIFT_OPTIMIZATION_LEVEL = "-O";
				VALIDATE_PRODUCT = YES;
			};
			name = Release;
		};
		0ADE3D3F20E1FB3000C61847 /* Debug */ = {
			isa = XCBuildConfiguration;
			baseConfigurationReference = 3ED3323853FCE9FFA0E736A5 /* Pods-CKWebSocketHello-iOS.debug.xcconfig */;
			buildSettings = {
				ASSETCATALOG_COMPILER_APPICON_NAME = AppIcon;
				CODE_SIGN_STYLE = Automatic;
				DEVELOPMENT_TEAM = H573L27DJM;
				INFOPLIST_FILE = "CKWebSocketHello-iOS/Info.plist";
				LD_RUNPATH_SEARCH_PATHS = (
					"$(inherited)",
					"@executable_path/Frameworks",
				);
				PRODUCT_BUNDLE_IDENTIFIER = "com.ckai.samples.CKWebSocketHello-iOS";
				PRODUCT_NAME = "$(TARGET_NAME)";
				SWIFT_VERSION = 4.0;
				TARGETED_DEVICE_FAMILY = "1,2";
			};
			name = Debug;
		};
		0ADE3D4020E1FB3000C61847 /* Release */ = {
			isa = XCBuildConfiguration;
			baseConfigurationReference = BE37F821CD1C67B7AF1835D3 /* Pods-CKWebSocketHello-iOS.release.xcconfig */;
			buildSettings = {
				ASSETCATALOG_COMPILER_APPICON_NAME = AppIcon;
				CODE_SIGN_STYLE = Automatic;
				DEVELOPMENT_TEAM = H573L27DJM;
				INFOPLIST_FILE = "CKWebSocketHello-iOS/Info.plist";
				LD_RUNPATH_SEARCH_PATHS = (
					"$(inherited)",
					"@executable_path/Frameworks",
				);
				PRODUCT_BUNDLE_IDENTIFIER = "com.ckai.samples.CKWebSocketHello-iOS";
				PRODUCT_NAME = "$(TARGET_NAME)";
				SWIFT_VERSION = 4.0;
				TARGETED_DEVICE_FAMILY = "1,2";
			};
			name = Release;
		};
		0ADE3D4220E1FB3000C61847 /* Debug */ = {
			isa = XCBuildConfiguration;
			baseConfigurationReference = C60AFAE4DCD680FF0A44A784 /* Pods-CKWebSocketHello-iOSTests.debug.xcconfig */;
			buildSettings = {
				ALWAYS_EMBED_SWIFT_STANDARD_LIBRARIES = YES;
				BUNDLE_LOADER = "$(TEST_HOST)";
				CODE_SIGN_STYLE = Automatic;
				DEVELOPMENT_TEAM = H573L27DJM;
				INFOPLIST_FILE = "CKWebSocketHello-iOSTests/Info.plist";
				LD_RUNPATH_SEARCH_PATHS = (
					"$(inherited)",
					"@executable_path/Frameworks",
					"@loader_path/Frameworks",
				);
				PRODUCT_BUNDLE_IDENTIFIER = "com.ckai.samples.CKWebSocketHello-iOSTests";
				PRODUCT_NAME = "$(TARGET_NAME)";
				SWIFT_VERSION = 4.0;
				TARGETED_DEVICE_FAMILY = "1,2";
				TEST_HOST = "$(BUILT_PRODUCTS_DIR)/CKWebSocketHello-iOS.app/CKWebSocketHello-iOS";
			};
			name = Debug;
		};
		0ADE3D4320E1FB3000C61847 /* Release */ = {
			isa = XCBuildConfiguration;
			baseConfigurationReference = FE14BB310964718E4EC40C11 /* Pods-CKWebSocketHello-iOSTests.release.xcconfig */;
			buildSettings = {
				ALWAYS_EMBED_SWIFT_STANDARD_LIBRARIES = YES;
				BUNDLE_LOADER = "$(TEST_HOST)";
				CODE_SIGN_STYLE = Automatic;
				DEVELOPMENT_TEAM = H573L27DJM;
				INFOPLIST_FILE = "CKWebSocketHello-iOSTests/Info.plist";
				LD_RUNPATH_SEARCH_PATHS = (
					"$(inherited)",
					"@executable_path/Frameworks",
					"@loader_path/Frameworks",
				);
				PRODUCT_BUNDLE_IDENTIFIER = "com.ckai.samples.CKWebSocketHello-iOSTests";
				PRODUCT_NAME = "$(TARGET_NAME)";
				SWIFT_VERSION = 4.0;
				TARGETED_DEVICE_FAMILY = "1,2";
				TEST_HOST = "$(BUILT_PRODUCTS_DIR)/CKWebSocketHello-iOS.app/CKWebSocketHello-iOS";
			};
			name = Release;
		};
/* End XCBuildConfiguration section */

/* Begin XCConfigurationList section */
		0ADE3D1C20E1FB2F00C61847 /* Build configuration list for PBXProject "CKWebSocketHello-iOS" */ = {
			isa = XCConfigurationList;
			buildConfigurations = (
				0ADE3D3C20E1FB3000C61847 /* Debug */,
				0ADE3D3D20E1FB3000C61847 /* Release */,
			);
			defaultConfigurationIsVisible = 0;
			defaultConfigurationName = Release;
		};
		0ADE3D3E20E1FB3000C61847 /* Build configuration list for PBXNativeTarget "CKWebSocketHello-iOS" */ = {
			isa = XCConfigurationList;
			buildConfigurations = (
				0ADE3D3F20E1FB3000C61847 /* Debug */,
				0ADE3D4020E1FB3000C61847 /* Release */,
			);
			defaultConfigurationIsVisible = 0;
			defaultConfigurationName = Release;
		};
		0ADE3D4120E1FB3000C61847 /* Build configuration list for PBXNativeTarget "CKWebSocketHello-iOSTests" */ = {
			isa = XCConfigurationList;
			buildConfigurations = (
				0ADE3D4220E1FB3000C61847 /* Debug */,
				0ADE3D4320E1FB3000C61847 /* Release */,
			);
			defaultConfigurationIsVisible = 0;
			defaultConfigurationName = Release;
		};
/* End XCConfigurationList section */
	};
	rootObject = 0ADE3D1920E1FB2F00C61847 /* Project object */;
}
